
Microsoft Visual Studio Solution File, Format Version 12.00
Project("{FAE04EC0-301F-11D3-BF4B-00C04F79EFBC}") = "YanivUbuntu", "YanivUbuntu\YanivUbuntu.csproj", "{283A359B-A74F-4B00-85CD-D1EF09CD4F76}"
EndProject
Project("{2150E333-8FDC-42A3-9474-1A3956D46DE8}") = "SolutionFolder1", "SolutionFolder1", "{B97B28BA-4832-4275-ABAB-21362ACA0D0B}"
EndProject
Project("{FAE04EC0-301F-11D3-BF4B-00C04F79EFBC}") = "Lidgren.Network", "..\lidgren-network-gen3\Lidgren.Network\Lidgren.Network.csproj", "{49BA1C69-6104-41AC-A5D8-B54FA9F696E8}"
EndProject
Global
	GlobalSection(SolutionConfigurationPlatforms) = preSolution
		Debug|Any CPU = Debug|Any CPU
		Release|Any CPU = Release|Any CPU
	EndGlobalSection
	GlobalSection(ProjectConfigurationPlatforms) = postSolution
		{283A359B-A74F-4B00-85CD-D1EF09CD4F76}.Debug|Any CPU.ActiveCfg = Debug|Any CPU
		{283A359B-A74F-4B00-85CD-D1EF09CD4F76}.Debug|Any CPU.Build.0 = Debug|Any CPU
		{283A359B-A74F-4B00-85CD-D1EF09CD4F76}.Release|Any CPU.ActiveCfg = Release|Any CPU
		{283A359B-A74F-4B00-85CD-D1EF09CD4F76}.Release|Any CPU.Build.0 = Release|Any CPU
		{49BA1C69-6104-41AC-A5D8-B54FA9F696E8}.Debug|Any CPU.ActiveCfg = Debug|Any CPU
		{49BA1C69-6104-41AC-A5D8-B54FA9F696E8}.Debug|Any CPU.Build.0 = Debug|Any CPU
		{49BA1C69-6104-41AC-A5D8-B54FA9F696E8}.Release|Any CPU.ActiveCfg = Release|Any CPU
		{49BA1C69-6104-41AC-A5D8-B54FA9F696E8}.Release|Any CPU.Build.0 = Release|Any CPU
	EndGlobalSection
EndGlobal
